// !$*UTF8*$!
{
	archiveVersion = 1;
	classes = {
	};
	objectVersion = 50;
	objects = {

/* Begin PBXBuildFile section */
		85B0598621C7F9FE0055D909 /* AppDelegate.swift in Sources */ = {isa = PBXBuildFile; fileRef = 85B0598521C7F9FE0055D909 /* AppDelegate.swift */; };
		85B0598821C7F9FE0055D909 /* ViewController.swift in Sources */ = {isa = PBXBuildFile; fileRef = 85B0598721C7F9FE0055D909 /* ViewController.swift */; };
		85B0598B21C7F9FE0055D909 /* Main.storyboard in Resources */ = {isa = PBXBuildFile; fileRef = 85B0598921C7F9FE0055D909 /* Main.storyboard */; };
		85B0598D21C7F9FE0055D909 /* Assets.xcassets in Resources */ = {isa = PBXBuildFile; fileRef = 85B0598C21C7F9FE0055D909 /* Assets.xcassets */; };
		85B0599021C7F9FE0055D909 /* LaunchScreen.storyboard in Resources */ = {isa = PBXBuildFile; fileRef = 85B0598E21C7F9FE0055D909 /* LaunchScreen.storyboard */; };
		85B0599B21C7F9FE0055D909 /* FirebaseLoginTests.swift in Sources */ = {isa = PBXBuildFile; fileRef = 85B0599A21C7F9FE0055D909 /* FirebaseLoginTests.swift */; };
		85B059A621C7F9FF0055D909 /* FirebaseLoginUITests.swift in Sources */ = {isa = PBXBuildFile; fileRef = 85B059A521C7F9FF0055D909 /* FirebaseLoginUITests.swift */; };
/* End PBXBuildFile section */

/* Begin PBXContainerItemProxy section */
		85B0599721C7F9FE0055D909 /* PBXContainerItemProxy */ = {
			isa = PBXContainerItemProxy;
			containerPortal = 85B0597A21C7F9FE0055D909 /* Project object */;
			proxyType = 1;
			remoteGlobalIDString = 85B0598121C7F9FE0055D909;
			remoteInfo = FirebaseLogin;
		};
		85B059A221C7F9FF0055D909 /* PBXContainerItemProxy */ = {
			isa = PBXContainerItemProxy;
			containerPortal = 85B0597A21C7F9FE0055D909 /* Project object */;
			proxyType = 1;
			remoteGlobalIDString = 85B0598121C7F9FE0055D909;
			remoteInfo = FirebaseLogin;
		};
/* End PBXContainerItemProxy section */

/* Begin PBXFileReference section */
		85B0598221C7F9FE0055D909 /* FirebaseLogin.app */ = {isa = PBXFileReference; explicitFileType = wrapper.application; includeInIndex = 0; path = FirebaseLogin.app; sourceTree = BUILT_PRODUCTS_DIR; };
		85B0598521C7F9FE0055D909 /* AppDelegate.swift */ = {isa = PBXFileReference; lastKnownFileType = sourcecode.swift; path = AppDelegate.swift; sourceTree = "<group>"; };
		85B0598721C7F9FE0055D909 /* ViewController.swift */ = {isa = PBXFileReference; lastKnownFileType = sourcecode.swift; path = ViewController.swift; sourceTree = "<group>"; };
		85B0598A21C7F9FE0055D909 /* Base */ = {isa = PBXFileReference; lastKnownFileType = file.storyboard; name = Base; path = Base.lproj/Main.storyboard; sourceTree = "<group>"; };
		85B0598C21C7F9FE0055D909 /* Assets.xcassets */ = {isa = PBXFileReference; lastKnownFileType = folder.assetcatalog; path = Assets.xcassets; sourceTree = "<group>"; };
		85B0598F21C7F9FE0055D909 /* Base */ = {isa = PBXFileReference; lastKnownFileType = file.storyboard; name = Base; path = Base.lproj/LaunchScreen.storyboard; sourceTree = "<group>"; };
		85B0599121C7F9FE0055D909 /* Info.plist */ = {isa = PBXFileReference; lastKnownFileType = text.plist.xml; path = Info.plist; sourceTree = "<group>"; };
		85B0599621C7F9FE0055D909 /* FirebaseLoginTests.xctest */ = {isa = PBXFileReference; explicitFileType = wrapper.cfbundle; includeInIndex = 0; path = FirebaseLoginTests.xctest; sourceTree = BUILT_PRODUCTS_DIR; };
		85B0599A21C7F9FE0055D909 /* FirebaseLoginTests.swift */ = {isa = PBXFileReference; lastKnownFileType = sourcecode.swift; path = FirebaseLoginTests.swift; sourceTree = "<group>"; };
		85B0599C21C7F9FF0055D909 /* Info.plist */ = {isa = PBXFileReference; lastKnownFileType = text.plist.xml; path = Info.plist; sourceTree = "<group>"; };
		85B059A121C7F9FF0055D909 /* FirebaseLoginUITests.xctest */ = {isa = PBXFileReference; explicitFileType = wrapper.cfbundle; includeInIndex = 0; path = FirebaseLoginUITests.xctest; sourceTree = BUILT_PRODUCTS_DIR; };
		85B059A521C7F9FF0055D909 /* FirebaseLoginUITests.swift */ = {isa = PBXFileReference; lastKnownFileType = sourcecode.swift; path = FirebaseLoginUITests.swift; sourceTree = "<group>"; };
		85B059A721C7F9FF0055D909 /* Info.plist */ = {isa = PBXFileReference; lastKnownFileType = text.plist.xml; path = Info.plist; sourceTree = "<group>"; };
/* End PBXFileReference section */

/* Begin PBXFrameworksBuildPhase section */
		85B0597F21C7F9FE0055D909 /* Frameworks */ = {
			isa = PBXFrameworksBuildPhase;
			buildActionMask = 2147483647;
			files = (
			);
			runOnlyForDeploymentPostprocessing = 0;
		};
		85B0599321C7F9FE0055D909 /* Frameworks */ = {
			isa = PBXFrameworksBuildPhase;
			buildActionMask = 2147483647;
			files = (
			);
			runOnlyForDeploymentPostprocessing = 0;
		};
		85B0599E21C7F9FF0055D909 /* Frameworks */ = {
			isa = PBXFrameworksBuildPhase;
			buildActionMask = 2147483647;
			files = (
			);
			runOnlyForDeploymentPostprocessing = 0;
		};
/* End PBXFrameworksBuildPhase section */

/* Begin PBXGroup section */
		85B0597921C7F9FE0055D909 = {
			isa = PBXGroup;
			children = (
				85B0598421C7F9FE0055D909 /* FirebaseLogin */,
				85B0599921C7F9FE0055D909 /* FirebaseLoginTests */,
				85B059A421C7F9FF0055D909 /* FirebaseLoginUITests */,
				85B0598321C7F9FE0055D909 /* Products */,
			);
			sourceTree = "<group>";
		};
		85B0598321C7F9FE0055D909 /* Products */ = {
			isa = PBXGroup;
			children = (
				85B0598221C7F9FE0055D909 /* FirebaseLogin.app */,
				85B0599621C7F9FE0055D909 /* FirebaseLoginTests.xctest */,
				85B059A121C7F9FF0055D909 /* FirebaseLoginUITests.xctest */,
			);
			name = Products;
			sourceTree = "<group>";
		};
		85B0598421C7F9FE0055D909 /* FirebaseLogin */ = {
			isa = PBXGroup;
			children = (
				85B0598521C7F9FE0055D909 /* AppDelegate.swift */,
				85B0598721C7F9FE0055D909 /* ViewController.swift */,
				85B0598921C7F9FE0055D909 /* Main.storyboard */,
				85B0598C21C7F9FE0055D909 /* Assets.xcassets */,
				85B0598E21C7F9FE0055D909 /* LaunchScreen.storyboard */,
				85B0599121C7F9FE0055D909 /* Info.plist */,
			);
			path = FirebaseLogin;
			sourceTree = "<group>";
		};
		85B0599921C7F9FE0055D909 /* FirebaseLoginTests */ = {
			isa = PBXGroup;
			children = (
				85B0599A21C7F9FE0055D909 /* FirebaseLoginTests.swift */,
				85B0599C21C7F9FF0055D909 /* Info.plist */,
			);
			path = FirebaseLoginTests;
			sourceTree = "<group>";
		};
		85B059A421C7F9FF0055D909 /* FirebaseLoginUITests */ = {
			isa = PBXGroup;
			children = (
				85B059A521C7F9FF0055D909 /* FirebaseLoginUITests.swift */,
				85B059A721C7F9FF0055D909 /* Info.plist */,
			);
			path = FirebaseLoginUITests;
			sourceTree = "<group>";
		};
/* End PBXGroup section */

/* Begin PBXNativeTarget section */
		85B0598121C7F9FE0055D909 /* FirebaseLogin */ = {
			isa = PBXNativeTarget;
			buildConfigurationList = 85B059AA21C7F9FF0055D909 /* Build configuration list for PBXNativeTarget "FirebaseLogin" */;
			buildPhases = (
				85B0597E21C7F9FE0055D909 /* Sources */,
				85B0597F21C7F9FE0055D909 /* Frameworks */,
				85B0598021C7F9FE0055D909 /* Resources */,
			);
			buildRules = (
			);
			dependencies = (
			);
			name = FirebaseLogin;
			productName = FirebaseLogin;
			productReference = 85B0598221C7F9FE0055D909 /* FirebaseLogin.app */;
			productType = "com.apple.product-type.application";
		};
		85B0599521C7F9FE0055D909 /* FirebaseLoginTests */ = {
			isa = PBXNativeTarget;
			buildConfigurationList = 85B059AD21C7F9FF0055D909 /* Build configuration list for PBXNativeTarget "FirebaseLoginTests" */;
			buildPhases = (
				85B0599221C7F9FE0055D909 /* Sources */,
				85B0599321C7F9FE0055D909 /* Frameworks */,
				85B0599421C7F9FE0055D909 /* Resources */,
			);
			buildRules = (
			);
			dependencies = (
				85B0599821C7F9FE0055D909 /* PBXTargetDependency */,
			);
			name = FirebaseLoginTests;
			productName = FirebaseLoginTests;
			productReference = 85B0599621C7F9FE0055D909 /* FirebaseLoginTests.xctest */;
			productType = "com.apple.product-type.bundle.unit-test";
		};
		85B059A021C7F9FF0055D909 /* FirebaseLoginUITests */ = {
			isa = PBXNativeTarget;
			buildConfigurationList = 85B059B021C7F9FF0055D909 /* Build configuration list for PBXNativeTarget "FirebaseLoginUITests" */;
			buildPhases = (
				85B0599D21C7F9FF0055D909 /* Sources */,
				85B0599E21C7F9FF0055D909 /* Frameworks */,
				85B0599F21C7F9FF0055D909 /* Resources */,
			);
			buildRules = (
			);
			dependencies = (
				85B059A321C7F9FF0055D909 /* PBXTargetDependency */,
			);
			name = FirebaseLoginUITests;
			productName = FirebaseLoginUITests;
			productReference = 85B059A121C7F9FF0055D909 /* FirebaseLoginUITests.xctest */;
			productType = "com.apple.product-type.bundle.ui-testing";
		};
/* End PBXNativeTarget section */

/* Begin PBXProject section */
		85B0597A21C7F9FE0055D909 /* Project object */ = {
			isa = PBXProject;
			attributes = {
				LastSwiftUpdateCheck = 1000;
				LastUpgradeCheck = 1000;
				ORGANIZATIONNAME = giiiita;
				TargetAttributes = {
					85B0598121C7F9FE0055D909 = {
						CreatedOnToolsVersion = 10.0;
					};
					85B0599521C7F9FE0055D909 = {
						CreatedOnToolsVersion = 10.0;
						TestTargetID = 85B0598121C7F9FE0055D909;
					};
					85B059A021C7F9FF0055D909 = {
						CreatedOnToolsVersion = 10.0;
						TestTargetID = 85B0598121C7F9FE0055D909;
					};
				};
			};
			buildConfigurationList = 85B0597D21C7F9FE0055D909 /* Build configuration list for PBXProject "FirebaseLogin" */;
			compatibilityVersion = "Xcode 9.3";
			developmentRegion = en;
			hasScannedForEncodings = 0;
			knownRegions = (
				en,
				Base,
			);
			mainGroup = 85B0597921C7F9FE0055D909;
			productRefGroup = 85B0598321C7F9FE0055D909 /* Products */;
			projectDirPath = "";
			projectRoot = "";
			targets = (
				85B0598121C7F9FE0055D909 /* FirebaseLogin */,
				85B0599521C7F9FE0055D909 /* FirebaseLoginTests */,
				85B059A021C7F9FF0055D909 /* FirebaseLoginUITests */,
			);
		};
/* End PBXProject section */

/* Begin PBXResourcesBuildPhase section */
		85B0598021C7F9FE0055D909 /* Resources */ = {
			isa = PBXResourcesBuildPhase;
			buildActionMask = 2147483647;
			files = (
				85B0599021C7F9FE0055D909 /* LaunchScreen.storyboard in Resources */,
				85B0598D21C7F9FE0055D909 /* Assets.xcassets in Resources */,
				85B0598B21C7F9FE0055D909 /* Main.storyboard in Resources */,
			);
			runOnlyForDeploymentPostprocessing = 0;
		};
		85B0599421C7F9FE0055D909 /* Resources */ = {
			isa = PBXResourcesBuildPhase;
			buildActionMask = 2147483647;
			files = (
			);
			runOnlyForDeploymentPostprocessing = 0;
		};
		85B0599F21C7F9FF0055D909 /* Resources */ = {
			isa = PBXResourcesBuildPhase;
			buildActionMask = 2147483647;
			files = (
			);
			runOnlyForDeploymentPostprocessing = 0;
		};
/* End PBXResourcesBuildPhase section */

/* Begin PBXSourcesBuildPhase section */
		85B0597E21C7F9FE0055D909 /* Sources */ = {
			isa = PBXSourcesBuildPhase;
			buildActionMask = 2147483647;
			files = (
				85B0598821C7F9FE0055D909 /* ViewController.swift in Sources */,
				85B0598621C7F9FE0055D909 /* AppDelegate.swift in Sources */,
			);
			runOnlyForDeploymentPostprocessing = 0;
		};
		85B0599221C7F9FE0055D909 /* Sources */ = {
			isa = PBXSourcesBuildPhase;
			buildActionMask = 2147483647;
			files = (
				85B0599B21C7F9FE0055D909 /* FirebaseLoginTests.swift in Sources */,
			);
			runOnlyForDeploymentPostprocessing = 0;
		};
		85B0599D21C7F9FF0055D909 /* Sources */ = {
			isa = PBXSourcesBuildPhase;
			buildActionMask = 2147483647;
			files = (
				85B059A621C7F9FF0055D909 /* FirebaseLoginUITests.swift in Sources */,
			);
			runOnlyForDeploymentPostprocessing = 0;
		};
/* End PBXSourcesBuildPhase section */

/* Begin PBXTargetDependency section */
		85B0599821C7F9FE0055D909 /* PBXTargetDependency */ = {
			isa = PBXTargetDependency;
			target = 85B0598121C7F9FE0055D909 /* FirebaseLogin */;
			targetProxy = 85B0599721C7F9FE0055D909 /* PBXContainerItemProxy */;
		};
		85B059A321C7F9FF0055D909 /* PBXTargetDependency */ = {
			isa = PBXTargetDependency;
			target = 85B0598121C7F9FE0055D909 /* FirebaseLogin */;
			targetProxy = 85B059A221C7F9FF0055D909 /* PBXContainerItemProxy */;
		};
/* End PBXTargetDependency section */

/* Begin PBXVariantGroup section */
		85B0598921C7F9FE0055D909 /* Main.storyboard */ = {
			isa = PBXVariantGroup;
			children = (
				85B0598A21C7F9FE0055D909 /* Base */,
			);
			name = Main.storyboard;
			sourceTree = "<group>";
		};
		85B0598E21C7F9FE0055D909 /* LaunchScreen.storyboard */ = {
			isa = PBXVariantGroup;
			children = (
				85B0598F21C7F9FE0055D909 /* Base */,
			);
			name = LaunchScreen.storyboard;
			sourceTree = "<group>";
		};
/* End PBXVariantGroup section */

/* Begin XCBuildConfiguration section */
		85B059A821C7F9FF0055D909 /* Debug */ = {
			isa = XCBuildConfiguration;
			buildSettings = {
				ALWAYS_SEARCH_USER_PATHS = NO;
				CLANG_ANALYZER_NONNULL = YES;
				CLANG_ANALYZER_NUMBER_OBJECT_CONVERSION = YES_AGGRESSIVE;
				CLANG_CXX_LANGUAGE_STANDARD = "gnu++14";
				CLANG_CXX_LIBRARY = "libc++";
				CLANG_ENABLE_MODULES = YES;
				CLANG_ENABLE_OBJC_ARC = YES;
				CLANG_ENABLE_OBJC_WEAK = YES;
				CLANG_WARN_BLOCK_CAPTURE_AUTORELEASING = YES;
				CLANG_WARN_BOOL_CONVERSION = YES;
				CLANG_WARN_COMMA = YES;
				CLANG_WARN_CONSTANT_CONVERSION = YES;
				CLANG_WARN_DEPRECATED_OBJC_IMPLEMENTATIONS = YES;
				CLANG_WARN_DIRECT_OBJC_ISA_USAGE = YES_ERROR;
				CLANG_WARN_DOCUMENTATION_COMMENTS = YES;
				CLANG_WARN_EMPTY_BODY = YES;
				CLANG_WARN_ENUM_CONVERSION = YES;
				CLANG_WARN_INFINITE_RECURSION = YES;
				CLANG_WARN_INT_CONVERSION = YES;
				CLANG_WARN_NON_LITERAL_NULL_CONVERSION = YES;
				CLANG_WARN_OBJC_IMPLICIT_RETAIN_SELF = YES;
				CLANG_WARN_OBJC_LITERAL_CONVERSION = YES;
				CLANG_WARN_OBJC_ROOT_CLASS = YES_ERROR;
				CLANG_WARN_RANGE_LOOP_ANALYSIS = YES;
				CLANG_WARN_STRICT_PROTOTYPES = YES;
				CLANG_WARN_SUSPICIOUS_MOVE = YES;
				CLANG_WARN_UNGUARDED_AVAILABILITY = YES_AGGRESSIVE;
				CLANG_WARN_UNREACHABLE_CODE = YES;
				CLANG_WARN__DUPLICATE_METHOD_MATCH = YES;
				CODE_SIGN_IDENTITY = "iPhone Developer";
				COPY_PHASE_STRIP = NO;
				DEBUG_INFORMATION_FORMAT = dwarf;
				ENABLE_STRICT_OBJC_MSGSEND = YES;
				ENABLE_TESTABILITY = YES;
				GCC_C_LANGUAGE_STANDARD = gnu11;
				GCC_DYNAMIC_NO_PIC = NO;
				GCC_NO_COMMON_BLOCKS = YES;
				GCC_OPTIMIZATION_LEVEL = 0;
				GCC_PREPROCESSOR_DEFINITIONS = (
					"DEBUG=1",
					"$(inherited)",
				);
				GCC_WARN_64_TO_32_BIT_CONVERSION = YES;
				GCC_WARN_ABOUT_RETURN_TYPE = YES_ERROR;
				GCC_WARN_UNDECLARED_SELECTOR = YES;
				GCC_WARN_UNINITIALIZED_AUTOS = YES_AGGRESSIVE;
				GCC_WARN_UNUSED_FUNCTION = YES;
				GCC_WARN_UNUSED_VARIABLE = YES;
				IPHONEOS_DEPLOYMENT_TARGET = 12.0;
				MTL_ENABLE_DEBUG_INFO = INCLUDE_SOURCE;
				MTL_FAST_MATH = YES;
				ONLY_ACTIVE_ARCH = YES;
				SDKROOT = iphoneos;
				SWIFT_ACTIVE_COMPILATION_CONDITIONS = DEBUG;
				SWIFT_OPTIMIZATION_LEVEL = "-Onone";
			};
			name = Debug;
		};
		85B059A921C7F9FF0055D909 /* Release */ = {
			isa = XCBuildConfiguration;
			buildSettings = {
				ALWAYS_SEARCH_USER_PATHS = NO;
				CLANG_ANALYZER_NONNULL = YES;
				CLANG_ANALYZER_NUMBER_OBJECT_CONVERSION = YES_AGGRESSIVE;
				CLANG_CXX_LANGUAGE_STANDARD = "gnu++14";
				CLANG_CXX_LIBRARY = "libc++";
				CLANG_ENABLE_MODULES = YES;
				CLANG_ENABLE_OBJC_ARC = YES;
				CLANG_ENABLE_OBJC_WEAK = YES;
				CLANG_WARN_BLOCK_CAPTURE_AUTORELEASING = YES;
				CLANG_WARN_BOOL_CONVERSION = YES;
				CLANG_WARN_COMMA = YES;
				CLANG_WARN_CONSTANT_CONVERSION = YES;
				CLANG_WARN_DEPRECATED_OBJC_IMPLEMENTATIONS = YES;
				CLANG_WARN_DIRECT_OBJC_ISA_USAGE = YES_ERROR;
				CLANG_WARN_DOCUMENTATION_COMMENTS = YES;
				CLANG_WARN_EMPTY_BODY = YES;
				CLANG_WARN_ENUM_CONVERSION = YES;
				CLANG_WARN_INFINITE_RECURSION = YES;
				CLANG_WARN_INT_CONVERSION = YES;
				CLANG_WARN_NON_LITERAL_NULL_CONVERSION = YES;
				CLANG_WARN_OBJC_IMPLICIT_RETAIN_SELF = YES;
				CLANG_WARN_OBJC_LITERAL_CONVERSION = YES;
				CLANG_WARN_OBJC_ROOT_CLASS = YES_ERROR;
				CLANG_WARN_RANGE_LOOP_ANALYSIS = YES;
				CLANG_WARN_STRICT_PROTOTYPES = YES;
				CLANG_WARN_SUSPICIOUS_MOVE = YES;
				CLANG_WARN_UNGUARDED_AVAILABILITY = YES_AGGRESSIVE;
				CLANG_WARN_UNREACHABLE_CODE = YES;
				CLANG_WARN__DUPLICATE_METHOD_MATCH = YES;
				CODE_SIGN_IDENTITY = "iPhone Developer";
				COPY_PHASE_STRIP = NO;
				DEBUG_INFORMATION_FORMAT = "dwarf-with-dsym";
				ENABLE_NS_ASSERTIONS = NO;
				ENABLE_STRICT_OBJC_MSGSEND = YES;
				GCC_C_LANGUAGE_STANDARD = gnu11;
				GCC_NO_COMMON_BLOCKS = YES;
				GCC_WARN_64_TO_32_BIT_CONVERSION = YES;
				GCC_WARN_ABOUT_RETURN_TYPE = YES_ERROR;
				GCC_WARN_UNDECLARED_SELECTOR = YES;
				GCC_WARN_UNINITIALIZED_AUTOS = YES_AGGRESSIVE;
				GCC_WARN_UNUSED_FUNCTION = YES;
				GCC_WARN_UNUSED_VARIABLE = YES;
				IPHONEOS_DEPLOYMENT_TARGET = 12.0;
				MTL_ENABLE_DEBUG_INFO = NO;
				MTL_FAST_MATH = YES;
				SDKROOT = iphoneos;
				SWIFT_COMPILATION_MODE = wholemodule;
				SWIFT_OPTIMIZATION_LEVEL = "-O";
				VALIDATE_PRODUCT = YES;
			};
			name = Release;
		};
		85B059AB21C7F9FF0055D909 /* Debug */ = {
			isa = XCBuildConfiguration;
			buildSettings = {
				ASSETCATALOG_COMPILER_APPICON_NAME = AppIcon;
				CODE_SIGN_STYLE = Automatic;
				INFOPLIST_FILE = FirebaseLogin/Info.plist;
				LD_RUNPATH_SEARCH_PATHS = (
					"$(inherited)",
					"@executable_path/Frameworks",
				);
				PRODUCT_BUNDLE_IDENTIFIER = com.giiiita.FirebaseLogin;
				PRODUCT_NAME = "$(TARGET_NAME)";
				SWIFT_VERSION = 4.2;
				TARGETED_DEVICE_FAMILY = "1,2";
			};
			name = Debug;
		};
		85B059AC21C7F9FF0055D909 /* Release */ = {
			isa = XCBuildConfiguration;
			buildSettings = {
				ASSETCATALOG_COMPILER_APPICON_NAME = AppIcon;
				CODE_SIGN_STYLE = Automatic;
				INFOPLIST_FILE = FirebaseLogin/Info.plist;
				LD_RUNPATH_SEARCH_PATHS = (
					"$(inherited)",
					"@executable_path/Frameworks",
				);
				PRODUCT_BUNDLE_IDENTIFIER = com.giiiita.FirebaseLogin;
				PRODUCT_NAME = "$(TARGET_NAME)";
				SWIFT_VERSION = 4.2;
				TARGETED_DEVICE_FAMILY = "1,2";
			};
			name = Release;
		};
		85B059AE21C7F9FF0055D909 /* Debug */ = {
			isa = XCBuildConfiguration;
			buildSettings = {
				ALWAYS_EMBED_SWIFT_STANDARD_LIBRARIES = YES;
				BUNDLE_LOADER = "$(TEST_HOST)";
				CODE_SIGN_STYLE = Automatic;
				INFOPLIST_FILE = FirebaseLoginTests/Info.plist;
				LD_RUNPATH_SEARCH_PATHS = (
					"$(inherited)",
					"@executable_path/Frameworks",
					"@loader_path/Frameworks",
				);
				PRODUCT_BUNDLE_IDENTIFIER = com.giiiita.FirebaseLoginTests;
				PRODUCT_NAME = "$(TARGET_NAME)";
				SWIFT_VERSION = 4.2;
				TARGETED_DEVICE_FAMILY = "1,2";
				TEST_HOST = "$(BUILT_PRODUCTS_DIR)/FirebaseLogin.app/FirebaseLogin";
			};
			name = Debug;
		};
		85B059AF21C7F9FF0055D909 /* Release */ = {
			isa = XCBuildConfiguration;
			buildSettings = {
				ALWAYS_EMBED_SWIFT_STANDARD_LIBRARIES = YES;
				BUNDLE_LOADER = "$(TEST_HOST)";
				CODE_SIGN_STYLE = Automatic;
				INFOPLIST_FILE = FirebaseLoginTests/Info.plist;
				LD_RUNPATH_SEARCH_PATHS = (
					"$(inherited)",
					"@executable_path/Frameworks",
					"@loader_path/Frameworks",
				);
				PRODUCT_BUNDLE_IDENTIFIER = com.giiiita.FirebaseLoginTests;
				PRODUCT_NAME = "$(TARGET_NAME)";
				SWIFT_VERSION = 4.2;
				TARGETED_DEVICE_FAMILY = "1,2";
				TEST_HOST = "$(BUILT_PRODUCTS_DIR)/FirebaseLogin.app/FirebaseLogin";
			};
			name = Release;
		};
		85B059B121C7F9FF0055D909 /* Debug */ = {
			isa = XCBuildConfiguration;
			buildSettings = {
				ALWAYS_EMBED_SWIFT_STANDARD_LIBRARIES = YES;
				CODE_SIGN_STYLE = Automatic;
				INFOPLIST_FILE = FirebaseLoginUITests/Info.plist;
				LD_RUNPATH_SEARCH_PATHS = (
					"$(inherited)",
					"@executable_path/Frameworks",
					"@loader_path/Frameworks",
				);
				PRODUCT_BUNDLE_IDENTIFIER = com.giiiita.FirebaseLoginUITests;
				PRODUCT_NAME = "$(TARGET_NAME)";
				SWIFT_VERSION = 4.2;
				TARGETED_DEVICE_FAMILY = "1,2";
				TEST_TARGET_NAME = FirebaseLogin;
			};
			name = Debug;
		};
		85B059B221C7F9FF0055D909 /* Release */ = {
			isa = XCBuildConfiguration;
			buildSettings = {
				ALWAYS_EMBED_SWIFT_STANDARD_LIBRARIES = YES;
				CODE_SIGN_STYLE = Automatic;
				INFOPLIST_FILE = FirebaseLoginUITests/Info.plist;
				LD_RUNPATH_SEARCH_PATHS = (
					"$(inherited)",
					"@executable_path/Frameworks",
					"@loader_path/Frameworks",
				);
				PRODUCT_BUNDLE_IDENTIFIER = com.giiiita.FirebaseLoginUITests;
				PRODUCT_NAME = "$(TARGET_NAME)";
				SWIFT_VERSION = 4.2;
				TARGETED_DEVICE_FAMILY = "1,2";
				TEST_TARGET_NAME = FirebaseLogin;
			};
			name = Release;
		};
/* End XCBuildConfiguration section */

/* Begin XCConfigurationList section */
		85B0597D21C7F9FE0055D909 /* Build configuration list for PBXProject "FirebaseLogin" */ = {
			isa = XCConfigurationList;
			buildConfigurations = (
				85B059A821C7F9FF0055D909 /* Debug */,
				85B059A921C7F9FF0055D909 /* Release */,
			);
			defaultConfigurationIsVisible = 0;
			defaultConfigurationName = Release;
		};
		85B059AA21C7F9FF0055D909 /* Build configuration list for PBXNativeTarget "FirebaseLogin" */ = {
			isa = XCConfigurationList;
			buildConfigurations = (
				85B059AB21C7F9FF0055D909 /* Debug */,
				85B059AC21C7F9FF0055D909 /* Release */,
			);
			defaultConfigurationIsVisible = 0;
			defaultConfigurationName = Release;
		};
		85B059AD21C7F9FF0055D909 /* Build configuration list for PBXNativeTarget "FirebaseLoginTests" */ = {
			isa = XCConfigurationList;
			buildConfigurations = (
				85B059AE21C7F9FF0055D909 /* Debug */,
				85B059AF21C7F9FF0055D909 /* Release */,
			);
			defaultConfigurationIsVisible = 0;
			defaultConfigurationName = Release;
		};
		85B059B021C7F9FF0055D909 /* Build configuration list for PBXNativeTarget "FirebaseLoginUITests" */ = {
			isa = XCConfigurationList;
			buildConfigurations = (
				85B059B121C7F9FF0055D909 /* Debug */,
				85B059B221C7F9FF0055D909 /* Release */,
			);
			defaultConfigurationIsVisible = 0;
			defaultConfigurationName = Release;
		};
/* End XCConfigurationList section */
	};
	rootObject = 85B0597A21C7F9FE0055D909 /* Project object */;
}
